
Microsoft Visual Studio Solution File, Format Version 12.00
# Visual Studio Version 16
VisualStudioVersion = 16.0.31911.196
MinimumVisualStudioVersion = 10.0.40219.1
Project("{FAE04EC0-301F-11D3-BF4B-00C04F79EFBC}") = "Cau1", "Cau1\Cau1.csproj", "{4915B34B-FD04-4684-929A-4BDA20C765F4}"
EndProject
Global
	GlobalSection(SolutionConfigurationPlatforms) = preSolution
		Debug|Any CPU = Debug|Any CPU
		Release|Any CPU = Release|Any CPU
	EndGlobalSection
	GlobalSection(ProjectConfigurationPlatforms) = postSolution
		{4915B34B-FD04-4684-929A-4BDA20C765F4}.Debug|Any CPU.ActiveCfg = Debug|Any CPU
		{4915B34B-FD04-4684-929A-4BDA20C765F4}.Debug|Any CPU.Build.0 = Debug|Any CPU
		{4915B34B-FD04-4684-929A-4BDA20C765F4}.Release|Any CPU.ActiveCfg = Release|Any CPU
		{4915B34B-FD04-4684-929A-4BDA20C765F4}.Release|Any CPU.Build.0 = Release|Any CPU
	EndGlobalSection
	GlobalSection(SolutionProperties) = preSolution
		HideSolutionNode = FALSE
	EndGlobalSection
	GlobalSection(ExtensibilityGlobals) = postSolution
		SolutionGuid = {41A999A2-C94F-4D5E-A515-6ED7755B54F2}
	EndGlobalSection
EndGlobal
